{
  "name": "Pongue",
  "lockfileVersion": 3,
  "requires": true,
  "packages": {
    "": {
      "dependencies": {
        "ilandols-demo-badge": "^0.4.3"
      }
    },
    "node_modules/ilandols-demo-badge": {
      "version": "0.4.3",
      "resolved": "https://registry.npmjs.org/ilandols-demo-badge/-/ilandols-demo-badge-0.4.3.tgz",
      "integrity": "sha512-9h5ZYlEmppnZRVOYnc37i6FDkBgwMttRCfilsDgf/nsGs2v6UNVf7ZU9AqpMinDfST17bSEjtxMCPDeShiBxJg==",
      "license": "MIT",
      "peerDependencies": {
        "react": ">=17"
      },
      "peerDependenciesMeta": {
        "react": {
          "optional": true
        }
      }
    }
  }
}
